// !$*UTF8*$!
{
	archiveVersion = 1;
	classes = {
	};
	objectVersion = 50;
	objects = {

/* Begin PBXBuildFile section */
		AF21D8412156B2E7007BEEAA /* AppDelegate.swift in Sources */ = {isa = PBXBuildFile; fileRef = AF21D8402156B2E7007BEEAA /* AppDelegate.swift */; };
		AF21D8432156B2E7007BEEAA /* TagsListViewController.swift in Sources */ = {isa = PBXBuildFile; fileRef = AF21D8422156B2E7007BEEAA /* TagsListViewController.swift */; };
		AF21D8482156B2ED007BEEAA /* Assets.xcassets in Resources */ = {isa = PBXBuildFile; fileRef = AF21D8472156B2ED007BEEAA /* Assets.xcassets */; };
		AF21D84B2156B2ED007BEEAA /* LaunchScreen.storyboard in Resources */ = {isa = PBXBuildFile; fileRef = AF21D8492156B2ED007BEEAA /* LaunchScreen.storyboard */; };
		AF21D8542156B300007BEEAA /* APIRouter.swift in Sources */ = {isa = PBXBuildFile; fileRef = AF21D8532156B300007BEEAA /* APIRouter.swift */; };
		AF21D85A2156BA15007BEEAA /* Product.swift in Sources */ = {isa = PBXBuildFile; fileRef = AF21D8592156BA15007BEEAA /* Product.swift */; };
		AF21D85D2156BA7F007BEEAA /* APIConstants.swift in Sources */ = {isa = PBXBuildFile; fileRef = AF21D85C2156BA7F007BEEAA /* APIConstants.swift */; };
		AF21D8602156BF0C007BEEAA /* String.swift in Sources */ = {isa = PBXBuildFile; fileRef = AF21D85F2156BF0C007BEEAA /* String.swift */; };
		AF21D8622156C19F007BEEAA /* TagListCell.swift in Sources */ = {isa = PBXBuildFile; fileRef = AF21D8612156C19F007BEEAA /* TagListCell.swift */; };
		AF21D8642156C821007BEEAA /* UIConstants.swift in Sources */ = {isa = PBXBuildFile; fileRef = AF21D8632156C821007BEEAA /* UIConstants.swift */; };
		AF21D8662156C995007BEEAA /* ProductsViewController.swift in Sources */ = {isa = PBXBuildFile; fileRef = AF21D8652156C995007BEEAA /* ProductsViewController.swift */; };
		AF21D8682156CA54007BEEAA /* ProductCell.swift in Sources */ = {isa = PBXBuildFile; fileRef = AF21D8672156CA54007BEEAA /* ProductCell.swift */; };
		AF21D86C2156D664007BEEAA /* UIImage.swift in Sources */ = {isa = PBXBuildFile; fileRef = AF21D86B2156D664007BEEAA /* UIImage.swift */; };
/* End PBXBuildFile section */

/* Begin PBXFileReference section */
		AF21D83D2156B2E7007BEEAA /* ShopifyClient.app */ = {isa = PBXFileReference; explicitFileType = wrapper.application; includeInIndex = 0; path = ShopifyClient.app; sourceTree = BUILT_PRODUCTS_DIR; };
		AF21D8402156B2E7007BEEAA /* AppDelegate.swift */ = {isa = PBXFileReference; lastKnownFileType = sourcecode.swift; path = AppDelegate.swift; sourceTree = "<group>"; };
		AF21D8422156B2E7007BEEAA /* TagsListViewController.swift */ = {isa = PBXFileReference; lastKnownFileType = sourcecode.swift; path = TagsListViewController.swift; sourceTree = "<group>"; };
		AF21D8472156B2ED007BEEAA /* Assets.xcassets */ = {isa = PBXFileReference; lastKnownFileType = folder.assetcatalog; path = Assets.xcassets; sourceTree = "<group>"; };
		AF21D84A2156B2ED007BEEAA /* Base */ = {isa = PBXFileReference; lastKnownFileType = file.storyboard; name = Base; path = Base.lproj/LaunchScreen.storyboard; sourceTree = "<group>"; };
		AF21D84C2156B2ED007BEEAA /* Info.plist */ = {isa = PBXFileReference; lastKnownFileType = text.plist.xml; path = Info.plist; sourceTree = "<group>"; };
		AF21D8532156B300007BEEAA /* APIRouter.swift */ = {isa = PBXFileReference; lastKnownFileType = sourcecode.swift; path = APIRouter.swift; sourceTree = "<group>"; };
		AF21D8592156BA15007BEEAA /* Product.swift */ = {isa = PBXFileReference; lastKnownFileType = sourcecode.swift; path = Product.swift; sourceTree = "<group>"; };
		AF21D85C2156BA7F007BEEAA /* APIConstants.swift */ = {isa = PBXFileReference; lastKnownFileType = sourcecode.swift; path = APIConstants.swift; sourceTree = "<group>"; };
		AF21D85F2156BF0C007BEEAA /* String.swift */ = {isa = PBXFileReference; lastKnownFileType = sourcecode.swift; path = String.swift; sourceTree = "<group>"; };
		AF21D8612156C19F007BEEAA /* TagListCell.swift */ = {isa = PBXFileReference; lastKnownFileType = sourcecode.swift; path = TagListCell.swift; sourceTree = "<group>"; };
		AF21D8632156C821007BEEAA /* UIConstants.swift */ = {isa = PBXFileReference; lastKnownFileType = sourcecode.swift; path = UIConstants.swift; sourceTree = "<group>"; };
		AF21D8652156C995007BEEAA /* ProductsViewController.swift */ = {isa = PBXFileReference; lastKnownFileType = sourcecode.swift; path = ProductsViewController.swift; sourceTree = "<group>"; };
		AF21D8672156CA54007BEEAA /* ProductCell.swift */ = {isa = PBXFileReference; lastKnownFileType = sourcecode.swift; path = ProductCell.swift; sourceTree = "<group>"; };
		AF21D86B2156D664007BEEAA /* UIImage.swift */ = {isa = PBXFileReference; fileEncoding = 4; lastKnownFileType = sourcecode.swift; path = UIImage.swift; sourceTree = "<group>"; };
/* End PBXFileReference section */

/* Begin PBXFrameworksBuildPhase section */
		AF21D83A2156B2E7007BEEAA /* Frameworks */ = {
			isa = PBXFrameworksBuildPhase;
			buildActionMask = 2147483647;
			files = (
			);
			runOnlyForDeploymentPostprocessing = 0;
		};
/* End PBXFrameworksBuildPhase section */

/* Begin PBXGroup section */
		AF21D8342156B2E7007BEEAA = {
			isa = PBXGroup;
			children = (
				AF21D83F2156B2E7007BEEAA /* ShopifyClient */,
				AF21D83E2156B2E7007BEEAA /* Products */,
			);
			sourceTree = "<group>";
		};
		AF21D83E2156B2E7007BEEAA /* Products */ = {
			isa = PBXGroup;
			children = (
				AF21D83D2156B2E7007BEEAA /* ShopifyClient.app */,
			);
			name = Products;
			sourceTree = "<group>";
		};
		AF21D83F2156B2E7007BEEAA /* ShopifyClient */ = {
			isa = PBXGroup;
			children = (
				AF21D85E2156BF02007BEEAA /* Extensions */,
				AF21D85B2156BA74007BEEAA /* Constants */,
				AF21D8552156B9F9007BEEAA /* MVC */,
				AF21D8522156B2F5007BEEAA /* API */,
				AF21D8402156B2E7007BEEAA /* AppDelegate.swift */,
				AF21D8472156B2ED007BEEAA /* Assets.xcassets */,
				AF21D8492156B2ED007BEEAA /* LaunchScreen.storyboard */,
				AF21D84C2156B2ED007BEEAA /* Info.plist */,
			);
			path = ShopifyClient;
			sourceTree = "<group>";
		};
		AF21D8522156B2F5007BEEAA /* API */ = {
			isa = PBXGroup;
			children = (
				AF21D8532156B300007BEEAA /* APIRouter.swift */,
			);
			path = API;
			sourceTree = "<group>";
		};
		AF21D8552156B9F9007BEEAA /* MVC */ = {
			isa = PBXGroup;
			children = (
				AF21D8582156BA0B007BEEAA /* Controllers */,
				AF21D8572156BA08007BEEAA /* Views */,
				AF21D8562156BA02007BEEAA /* Models */,
			);
			path = MVC;
			sourceTree = "<group>";
		};
		AF21D8562156BA02007BEEAA /* Models */ = {
			isa = PBXGroup;
			children = (
				AF21D8592156BA15007BEEAA /* Product.swift */,
			);
			path = Models;
			sourceTree = "<group>";
		};
		AF21D8572156BA08007BEEAA /* Views */ = {
			isa = PBXGroup;
			children = (
				AF21D8612156C19F007BEEAA /* TagListCell.swift */,
				AF21D8672156CA54007BEEAA /* ProductCell.swift */,
			);
			path = Views;
			sourceTree = "<group>";
		};
		AF21D8582156BA0B007BEEAA /* Controllers */ = {
			isa = PBXGroup;
			children = (
				AF21D8422156B2E7007BEEAA /* TagsListViewController.swift */,
				AF21D8652156C995007BEEAA /* ProductsViewController.swift */,
			);
			path = Controllers;
			sourceTree = "<group>";
		};
		AF21D85B2156BA74007BEEAA /* Constants */ = {
			isa = PBXGroup;
			children = (
				AF21D85C2156BA7F007BEEAA /* APIConstants.swift */,
				AF21D8632156C821007BEEAA /* UIConstants.swift */,
			);
			path = Constants;
			sourceTree = "<group>";
		};
		AF21D85E2156BF02007BEEAA /* Extensions */ = {
			isa = PBXGroup;
			children = (
				AF21D85F2156BF0C007BEEAA /* String.swift */,
				AF21D86B2156D664007BEEAA /* UIImage.swift */,
			);
			path = Extensions;
			sourceTree = "<group>";
		};
/* End PBXGroup section */

/* Begin PBXNativeTarget section */
		AF21D83C2156B2E7007BEEAA /* ShopifyClient */ = {
			isa = PBXNativeTarget;
			buildConfigurationList = AF21D84F2156B2ED007BEEAA /* Build configuration list for PBXNativeTarget "ShopifyClient" */;
			buildPhases = (
				AF21D8392156B2E7007BEEAA /* Sources */,
				AF21D83A2156B2E7007BEEAA /* Frameworks */,
				AF21D83B2156B2E7007BEEAA /* Resources */,
			);
			buildRules = (
			);
			dependencies = (
			);
			name = ShopifyClient;
			productName = ShopifyClient;
			productReference = AF21D83D2156B2E7007BEEAA /* ShopifyClient.app */;
			productType = "com.apple.product-type.application";
		};
/* End PBXNativeTarget section */

/* Begin PBXProject section */
		AF21D8352156B2E7007BEEAA /* Project object */ = {
			isa = PBXProject;
			attributes = {
				LastSwiftUpdateCheck = 0940;
				LastUpgradeCheck = 0940;
				ORGANIZATIONNAME = Yalcin;
				TargetAttributes = {
					AF21D83C2156B2E7007BEEAA = {
						CreatedOnToolsVersion = 9.4.1;
					};
				};
			};
			buildConfigurationList = AF21D8382156B2E7007BEEAA /* Build configuration list for PBXProject "ShopifyClient" */;
			compatibilityVersion = "Xcode 9.3";
			developmentRegion = en;
			hasScannedForEncodings = 0;
			knownRegions = (
				en,
				Base,
			);
			mainGroup = AF21D8342156B2E7007BEEAA;
			productRefGroup = AF21D83E2156B2E7007BEEAA /* Products */;
			projectDirPath = "";
			projectRoot = "";
			targets = (
				AF21D83C2156B2E7007BEEAA /* ShopifyClient */,
			);
		};
/* End PBXProject section */

/* Begin PBXResourcesBuildPhase section */
		AF21D83B2156B2E7007BEEAA /* Resources */ = {
			isa = PBXResourcesBuildPhase;
			buildActionMask = 2147483647;
			files = (
				AF21D84B2156B2ED007BEEAA /* LaunchScreen.storyboard in Resources */,
				AF21D8482156B2ED007BEEAA /* Assets.xcassets in Resources */,
			);
			runOnlyForDeploymentPostprocessing = 0;
		};
/* End PBXResourcesBuildPhase section */

/* Begin PBXSourcesBuildPhase section */
		AF21D8392156B2E7007BEEAA /* Sources */ = {
			isa = PBXSourcesBuildPhase;
			buildActionMask = 2147483647;
			files = (
				AF21D8602156BF0C007BEEAA /* String.swift in Sources */,
				AF21D86C2156D664007BEEAA /* UIImage.swift in Sources */,
				AF21D8432156B2E7007BEEAA /* TagsListViewController.swift in Sources */,
				AF21D8622156C19F007BEEAA /* TagListCell.swift in Sources */,
				AF21D85D2156BA7F007BEEAA /* APIConstants.swift in Sources */,
				AF21D85A2156BA15007BEEAA /* Product.swift in Sources */,
				AF21D8542156B300007BEEAA /* APIRouter.swift in Sources */,
				AF21D8662156C995007BEEAA /* ProductsViewController.swift in Sources */,
				AF21D8682156CA54007BEEAA /* ProductCell.swift in Sources */,
				AF21D8412156B2E7007BEEAA /* AppDelegate.swift in Sources */,
				AF21D8642156C821007BEEAA /* UIConstants.swift in Sources */,
			);
			runOnlyForDeploymentPostprocessing = 0;
		};
/* End PBXSourcesBuildPhase section */

/* Begin PBXVariantGroup section */
		AF21D8492156B2ED007BEEAA /* LaunchScreen.storyboard */ = {
			isa = PBXVariantGroup;
			children = (
				AF21D84A2156B2ED007BEEAA /* Base */,
			);
			name = LaunchScreen.storyboard;
			sourceTree = "<group>";
		};
/* End PBXVariantGroup section */

/* Begin XCBuildConfiguration section */
		AF21D84D2156B2ED007BEEAA /* Debug */ = {
			isa = XCBuildConfiguration;
			buildSettings = {
				ALWAYS_SEARCH_USER_PATHS = NO;
				CLANG_ANALYZER_NONNULL = YES;
				CLANG_ANALYZER_NUMBER_OBJECT_CONVERSION = YES_AGGRESSIVE;
				CLANG_CXX_LANGUAGE_STANDARD = "gnu++14";
				CLANG_CXX_LIBRARY = "libc++";
				CLANG_ENABLE_MODULES = YES;
				CLANG_ENABLE_OBJC_ARC = YES;
				CLANG_ENABLE_OBJC_WEAK = YES;
				CLANG_WARN_BLOCK_CAPTURE_AUTORELEASING = YES;
				CLANG_WARN_BOOL_CONVERSION = YES;
				CLANG_WARN_COMMA = YES;
				CLANG_WARN_CONSTANT_CONVERSION = YES;
				CLANG_WARN_DEPRECATED_OBJC_IMPLEMENTATIONS = YES;
				CLANG_WARN_DIRECT_OBJC_ISA_USAGE = YES_ERROR;
				CLANG_WARN_DOCUMENTATION_COMMENTS = YES;
				CLANG_WARN_EMPTY_BODY = YES;
				CLANG_WARN_ENUM_CONVERSION = YES;
				CLANG_WARN_INFINITE_RECURSION = YES;
				CLANG_WARN_INT_CONVERSION = YES;
				CLANG_WARN_NON_LITERAL_NULL_CONVERSION = YES;
				CLANG_WARN_OBJC_IMPLICIT_RETAIN_SELF = YES;
				CLANG_WARN_OBJC_LITERAL_CONVERSION = YES;
				CLANG_WARN_OBJC_ROOT_CLASS = YES_ERROR;
				CLANG_WARN_RANGE_LOOP_ANALYSIS = YES;
				CLANG_WARN_STRICT_PROTOTYPES = YES;
				CLANG_WARN_SUSPICIOUS_MOVE = YES;
				CLANG_WARN_UNGUARDED_AVAILABILITY = YES_AGGRESSIVE;
				CLANG_WARN_UNREACHABLE_CODE = YES;
				CLANG_WARN__DUPLICATE_METHOD_MATCH = YES;
				CODE_SIGN_IDENTITY = "iPhone Developer";
				COPY_PHASE_STRIP = NO;
				DEBUG_INFORMATION_FORMAT = dwarf;
				ENABLE_STRICT_OBJC_MSGSEND = YES;
				ENABLE_TESTABILITY = YES;
				GCC_C_LANGUAGE_STANDARD = gnu11;
				GCC_DYNAMIC_NO_PIC = NO;
				GCC_NO_COMMON_BLOCKS = YES;
				GCC_OPTIMIZATION_LEVEL = 0;
				GCC_PREPROCESSOR_DEFINITIONS = (
					"DEBUG=1",
					"$(inherited)",
				);
				GCC_WARN_64_TO_32_BIT_CONVERSION = YES;
				GCC_WARN_ABOUT_RETURN_TYPE = YES_ERROR;
				GCC_WARN_UNDECLARED_SELECTOR = YES;
				GCC_WARN_UNINITIALIZED_AUTOS = YES_AGGRESSIVE;
				GCC_WARN_UNUSED_FUNCTION = YES;
				GCC_WARN_UNUSED_VARIABLE = YES;
				IPHONEOS_DEPLOYMENT_TARGET = 11.4;
				MTL_ENABLE_DEBUG_INFO = YES;
				ONLY_ACTIVE_ARCH = YES;
				SDKROOT = iphoneos;
				SWIFT_ACTIVE_COMPILATION_CONDITIONS = DEBUG;
				SWIFT_OPTIMIZATION_LEVEL = "-Onone";
			};
			name = Debug;
		};
		AF21D84E2156B2ED007BEEAA /* Release */ = {
			isa = XCBuildConfiguration;
			buildSettings = {
				ALWAYS_SEARCH_USER_PATHS = NO;
				CLANG_ANALYZER_NONNULL = YES;
				CLANG_ANALYZER_NUMBER_OBJECT_CONVERSION = YES_AGGRESSIVE;
				CLANG_CXX_LANGUAGE_STANDARD = "gnu++14";
				CLANG_CXX_LIBRARY = "libc++";
				CLANG_ENABLE_MODULES = YES;
				CLANG_ENABLE_OBJC_ARC = YES;
				CLANG_ENABLE_OBJC_WEAK = YES;
				CLANG_WARN_BLOCK_CAPTURE_AUTORELEASING = YES;
				CLANG_WARN_BOOL_CONVERSION = YES;
				CLANG_WARN_COMMA = YES;
				CLANG_WARN_CONSTANT_CONVERSION = YES;
				CLANG_WARN_DEPRECATED_OBJC_IMPLEMENTATIONS = YES;
				CLANG_WARN_DIRECT_OBJC_ISA_USAGE = YES_ERROR;
				CLANG_WARN_DOCUMENTATION_COMMENTS = YES;
				CLANG_WARN_EMPTY_BODY = YES;
				CLANG_WARN_ENUM_CONVERSION = YES;
				CLANG_WARN_INFINITE_RECURSION = YES;
				CLANG_WARN_INT_CONVERSION = YES;
				CLANG_WARN_NON_LITERAL_NULL_CONVERSION = YES;
				CLANG_WARN_OBJC_IMPLICIT_RETAIN_SELF = YES;
				CLANG_WARN_OBJC_LITERAL_CONVERSION = YES;
				CLANG_WARN_OBJC_ROOT_CLASS = YES_ERROR;
				CLANG_WARN_RANGE_LOOP_ANALYSIS = YES;
				CLANG_WARN_STRICT_PROTOTYPES = YES;
				CLANG_WARN_SUSPICIOUS_MOVE = YES;
				CLANG_WARN_UNGUARDED_AVAILABILITY = YES_AGGRESSIVE;
				CLANG_WARN_UNREACHABLE_CODE = YES;
				CLANG_WARN__DUPLICATE_METHOD_MATCH = YES;
				CODE_SIGN_IDENTITY = "iPhone Developer";
				COPY_PHASE_STRIP = NO;
				DEBUG_INFORMATION_FORMAT = "dwarf-with-dsym";
				ENABLE_NS_ASSERTIONS = NO;
				ENABLE_STRICT_OBJC_MSGSEND = YES;
				GCC_C_LANGUAGE_STANDARD = gnu11;
				GCC_NO_COMMON_BLOCKS = YES;
				GCC_WARN_64_TO_32_BIT_CONVERSION = YES;
				GCC_WARN_ABOUT_RETURN_TYPE = YES_ERROR;
				GCC_WARN_UNDECLARED_SELECTOR = YES;
				GCC_WARN_UNINITIALIZED_AUTOS = YES_AGGRESSIVE;
				GCC_WARN_UNUSED_FUNCTION = YES;
				GCC_WARN_UNUSED_VARIABLE = YES;
				IPHONEOS_DEPLOYMENT_TARGET = 11.4;
				MTL_ENABLE_DEBUG_INFO = NO;
				SDKROOT = iphoneos;
				SWIFT_COMPILATION_MODE = wholemodule;
				SWIFT_OPTIMIZATION_LEVEL = "-O";
				VALIDATE_PRODUCT = YES;
			};
			name = Release;
		};
		AF21D8502156B2ED007BEEAA /* Debug */ = {
			isa = XCBuildConfiguration;
			buildSettings = {
				ASSETCATALOG_COMPILER_APPICON_NAME = AppIcon;
				CODE_SIGN_STYLE = Automatic;
				DEVELOPMENT_TEAM = DCZQ35G38P;
				INFOPLIST_FILE = ShopifyClient/Info.plist;
				LD_RUNPATH_SEARCH_PATHS = (
					"$(inherited)",
					"@executable_path/Frameworks",
				);
				PRODUCT_BUNDLE_IDENTIFIER = co.yalcinozdemir.ShopifyClient;
				PRODUCT_NAME = "$(TARGET_NAME)";
				SWIFT_VERSION = 4.0;
				TARGETED_DEVICE_FAMILY = "1,2";
			};
			name = Debug;
		};
		AF21D8512156B2ED007BEEAA /* Release */ = {
			isa = XCBuildConfiguration;
			buildSettings = {
				ASSETCATALOG_COMPILER_APPICON_NAME = AppIcon;
				CODE_SIGN_STYLE = Automatic;
				DEVELOPMENT_TEAM = DCZQ35G38P;
				INFOPLIST_FILE = ShopifyClient/Info.plist;
				LD_RUNPATH_SEARCH_PATHS = (
					"$(inherited)",
					"@executable_path/Frameworks",
				);
				PRODUCT_BUNDLE_IDENTIFIER = co.yalcinozdemir.ShopifyClient;
				PRODUCT_NAME = "$(TARGET_NAME)";
				SWIFT_VERSION = 4.0;
				TARGETED_DEVICE_FAMILY = "1,2";
			};
			name = Release;
		};
/* End XCBuildConfiguration section */

/* Begin XCConfigurationList section */
		AF21D8382156B2E7007BEEAA /* Build configuration list for PBXProject "ShopifyClient" */ = {
			isa = XCConfigurationList;
			buildConfigurations = (
				AF21D84D2156B2ED007BEEAA /* Debug */,
				AF21D84E2156B2ED007BEEAA /* Release */,
			);
			defaultConfigurationIsVisible = 0;
			defaultConfigurationName = Release;
		};
		AF21D84F2156B2ED007BEEAA /* Build configuration list for PBXNativeTarget "ShopifyClient" */ = {
			isa = XCConfigurationList;
			buildConfigurations = (
				AF21D8502156B2ED007BEEAA /* Debug */,
				AF21D8512156B2ED007BEEAA /* Release */,
			);
			defaultConfigurationIsVisible = 0;
			defaultConfigurationName = Release;
		};
/* End XCConfigurationList section */
	};
	rootObject = AF21D8352156B2E7007BEEAA /* Project object */;
}
